
Microsoft Visual Studio Solution File, Format Version 12.00
# Visual Studio Version 17
VisualStudioVersion = 17.10.34928.147
MinimumVisualStudioVersion = 10.0.40219.1
Project("{9A19103F-16F7-4668-BE54-9A1E7A4F7556}") = "SpeedSolverAPI", "SpeedSolverAPI\SpeedSolverAPI.csproj", "{3C7FAF2F-07D4-4937-A1A1-C2EA4F84F88C}"
EndProject
Project("{9A19103F-16F7-4668-BE54-9A1E7A4F7556}") = "SpeedSolverDatabase", "SpeedSolverDatabase\SpeedSolverDatabase.csproj", "{6570A3A9-5E46-4294-BE84-BC82BD9ABAE1}"
EndProject
Project("{9A19103F-16F7-4668-BE54-9A1E7A4F7556}") = "SpeedSolverCore", "SpeedSolverCore\SpeedSolverCore.csproj", "{71775368-1018-4DAF-A5D0-85F10F233071}"
EndProject
Project("{9A19103F-16F7-4668-BE54-9A1E7A4F7556}") = "SpeedSolverDatabaseAccess", "SpeedSolverDatabaseAccess\SpeedSolverDatabaseAccess.csproj", "{9F425D52-CDA8-4595-A2EB-F8E4007731FB}"
EndProject
Global
	GlobalSection(SolutionConfigurationPlatforms) = preSolution
		Debug|Any CPU = Debug|Any CPU
		Release|Any CPU = Release|Any CPU
	EndGlobalSection
	GlobalSection(ProjectConfigurationPlatforms) = postSolution
		{3C7FAF2F-07D4-4937-A1A1-C2EA4F84F88C}.Debug|Any CPU.ActiveCfg = Debug|Any CPU
		{3C7FAF2F-07D4-4937-A1A1-C2EA4F84F88C}.Debug|Any CPU.Build.0 = Debug|Any CPU
		{3C7FAF2F-07D4-4937-A1A1-C2EA4F84F88C}.Release|Any CPU.ActiveCfg = Release|Any CPU
		{3C7FAF2F-07D4-4937-A1A1-C2EA4F84F88C}.Release|Any CPU.Build.0 = Release|Any CPU
		{6570A3A9-5E46-4294-BE84-BC82BD9ABAE1}.Debug|Any CPU.ActiveCfg = Debug|Any CPU
		{6570A3A9-5E46-4294-BE84-BC82BD9ABAE1}.Debug|Any CPU.Build.0 = Debug|Any CPU
		{6570A3A9-5E46-4294-BE84-BC82BD9ABAE1}.Release|Any CPU.ActiveCfg = Release|Any CPU
		{6570A3A9-5E46-4294-BE84-BC82BD9ABAE1}.Release|Any CPU.Build.0 = Release|Any CPU
		{71775368-1018-4DAF-A5D0-85F10F233071}.Debug|Any CPU.ActiveCfg = Debug|Any CPU
		{71775368-1018-4DAF-A5D0-85F10F233071}.Debug|Any CPU.Build.0 = Debug|Any CPU
		{71775368-1018-4DAF-A5D0-85F10F233071}.Release|Any CPU.ActiveCfg = Release|Any CPU
		{71775368-1018-4DAF-A5D0-85F10F233071}.Release|Any CPU.Build.0 = Release|Any CPU
		{9F425D52-CDA8-4595-A2EB-F8E4007731FB}.Debug|Any CPU.ActiveCfg = Debug|Any CPU
		{9F425D52-CDA8-4595-A2EB-F8E4007731FB}.Debug|Any CPU.Build.0 = Debug|Any CPU
		{9F425D52-CDA8-4595-A2EB-F8E4007731FB}.Release|Any CPU.ActiveCfg = Release|Any CPU
		{9F425D52-CDA8-4595-A2EB-F8E4007731FB}.Release|Any CPU.Build.0 = Release|Any CPU
	EndGlobalSection
	GlobalSection(SolutionProperties) = preSolution
		HideSolutionNode = FALSE
	EndGlobalSection
	GlobalSection(ExtensibilityGlobals) = postSolution
		SolutionGuid = {983C2385-93DE-44DD-AFEF-A11C0005F511}
	EndGlobalSection
EndGlobal
